
Microsoft Visual Studio Solution File, Format Version 12.00
# Visual Studio 15
VisualStudioVersion = 15.0.28307.572
MinimumVisualStudioVersion = 10.0.40219.1
Project("{FAE04EC0-301F-11D3-BF4B-00C04F79EFBC}") = "Task1", "Task1\Task1.csproj", "{4BF360A5-E924-4C8A-8F48-6725BCEB537F}"
EndProject
Project("{FAE04EC0-301F-11D3-BF4B-00C04F79EFBC}") = "Task2", "Task2\Task2.csproj", "{3442C47E-F3FB-4A7D-898D-04999B8E3178}"
EndProject
Project("{FAE04EC0-301F-11D3-BF4B-00C04F79EFBC}") = "Task3", "Task3\Task3.csproj", "{70E3DBE8-CA1E-4DC6-AD3A-F04FF7989CF1}"
EndProject
Global
	GlobalSection(SolutionConfigurationPlatforms) = preSolution
		Debug|Any CPU = Debug|Any CPU
		Release|Any CPU = Release|Any CPU
	EndGlobalSection
	GlobalSection(ProjectConfigurationPlatforms) = postSolution
		{4BF360A5-E924-4C8A-8F48-6725BCEB537F}.Debug|Any CPU.ActiveCfg = Debug|Any CPU
		{4BF360A5-E924-4C8A-8F48-6725BCEB537F}.Debug|Any CPU.Build.0 = Debug|Any CPU
		{4BF360A5-E924-4C8A-8F48-6725BCEB537F}.Release|Any CPU.ActiveCfg = Release|Any CPU
		{4BF360A5-E924-4C8A-8F48-6725BCEB537F}.Release|Any CPU.Build.0 = Release|Any CPU
		{3442C47E-F3FB-4A7D-898D-04999B8E3178}.Debug|Any CPU.ActiveCfg = Debug|Any CPU
		{3442C47E-F3FB-4A7D-898D-04999B8E3178}.Debug|Any CPU.Build.0 = Debug|Any CPU
		{3442C47E-F3FB-4A7D-898D-04999B8E3178}.Release|Any CPU.ActiveCfg = Release|Any CPU
		{3442C47E-F3FB-4A7D-898D-04999B8E3178}.Release|Any CPU.Build.0 = Release|Any CPU
		{70E3DBE8-CA1E-4DC6-AD3A-F04FF7989CF1}.Debug|Any CPU.ActiveCfg = Debug|Any CPU
		{70E3DBE8-CA1E-4DC6-AD3A-F04FF7989CF1}.Debug|Any CPU.Build.0 = Debug|Any CPU
		{70E3DBE8-CA1E-4DC6-AD3A-F04FF7989CF1}.Release|Any CPU.ActiveCfg = Release|Any CPU
		{70E3DBE8-CA1E-4DC6-AD3A-F04FF7989CF1}.Release|Any CPU.Build.0 = Release|Any CPU
	EndGlobalSection
	GlobalSection(SolutionProperties) = preSolution
		HideSolutionNode = FALSE
	EndGlobalSection
	GlobalSection(ExtensibilityGlobals) = postSolution
		SolutionGuid = {74F0713F-FA4F-4C78-9C10-4FF08BA8E6FE}
	EndGlobalSection
EndGlobal
